// !$*UTF8*$!
{
	archiveVersion = 1;
	classes = {
	};
	objectVersion = 56;
	objects = {

/* Begin PBXBuildFile section */
		AD1D708D2B9476A80021BAA5 /* Example01 Watch App.app in Embed Watch Content */ = {isa = PBXBuildFile; fileRef = AD1D708C2B9476A80021BAA5 /* Example01 Watch App.app */; settings = {ATTRIBUTES = (RemoveHeadersOnCopy, ); }; };
		AD1D70922B9476A80021BAA5 /* Example01App.swift in Sources */ = {isa = PBXBuildFile; fileRef = AD1D70912B9476A80021BAA5 /* Example01App.swift */; };
		AD1D70942B9476A80021BAA5 /* ContentView.swift in Sources */ = {isa = PBXBuildFile; fileRef = AD1D70932B9476A80021BAA5 /* ContentView.swift */; };
		AD1D70962B9476A90021BAA5 /* Assets.xcassets in Resources */ = {isa = PBXBuildFile; fileRef = AD1D70952B9476A90021BAA5 /* Assets.xcassets */; };
		AD1D70992B9476A90021BAA5 /* Preview Assets.xcassets in Resources */ = {isa = PBXBuildFile; fileRef = AD1D70982B9476A90021BAA5 /* Preview Assets.xcassets */; };
		AD1D70A32B9476AA0021BAA5 /* Example01_Watch_AppTests.swift in Sources */ = {isa = PBXBuildFile; fileRef = AD1D70A22B9476AA0021BAA5 /* Example01_Watch_AppTests.swift */; };
		AD1D70AD2B9476AA0021BAA5 /* Example01_Watch_AppUITests.swift in Sources */ = {isa = PBXBuildFile; fileRef = AD1D70AC2B9476AA0021BAA5 /* Example01_Watch_AppUITests.swift */; };
		AD1D70AF2B9476AA0021BAA5 /* Example01_Watch_AppUITestsLaunchTests.swift in Sources */ = {isa = PBXBuildFile; fileRef = AD1D70AE2B9476AA0021BAA5 /* Example01_Watch_AppUITestsLaunchTests.swift */; };
/* End PBXBuildFile section */

/* Begin PBXContainerItemProxy section */
		AD1D708E2B9476A80021BAA5 /* PBXContainerItemProxy */ = {
			isa = PBXContainerItemProxy;
			containerPortal = AD1D70802B9476A70021BAA5 /* Project object */;
			proxyType = 1;
			remoteGlobalIDString = AD1D708B2B9476A80021BAA5;
			remoteInfo = "Example01 Watch App";
		};
		AD1D709F2B9476AA0021BAA5 /* PBXContainerItemProxy */ = {
			isa = PBXContainerItemProxy;
			containerPortal = AD1D70802B9476A70021BAA5 /* Project object */;
			proxyType = 1;
			remoteGlobalIDString = AD1D708B2B9476A80021BAA5;
			remoteInfo = "Example01 Watch App";
		};
		AD1D70A92B9476AA0021BAA5 /* PBXContainerItemProxy */ = {
			isa = PBXContainerItemProxy;
			containerPortal = AD1D70802B9476A70021BAA5 /* Project object */;
			proxyType = 1;
			remoteGlobalIDString = AD1D708B2B9476A80021BAA5;
			remoteInfo = "Example01 Watch App";
		};
/* End PBXContainerItemProxy section */

/* Begin PBXCopyFilesBuildPhase section */
		AD1D70B52B9476AA0021BAA5 /* Embed Watch Content */ = {
			isa = PBXCopyFilesBuildPhase;
			buildActionMask = 2147483647;
			dstPath = "$(CONTENTS_FOLDER_PATH)/Watch";
			dstSubfolderSpec = 16;
			files = (
				AD1D708D2B9476A80021BAA5 /* Example01 Watch App.app in Embed Watch Content */,
			);
			name = "Embed Watch Content";
			runOnlyForDeploymentPostprocessing = 0;
		};
/* End PBXCopyFilesBuildPhase section */

/* Begin PBXFileReference section */
		AD1D70862B9476A80021BAA5 /* Example01.app */ = {isa = PBXFileReference; explicitFileType = wrapper.application; includeInIndex = 0; path = Example01.app; sourceTree = BUILT_PRODUCTS_DIR; };
		AD1D708C2B9476A80021BAA5 /* Example01 Watch App.app */ = {isa = PBXFileReference; explicitFileType = wrapper.application; includeInIndex = 0; path = "Example01 Watch App.app"; sourceTree = BUILT_PRODUCTS_DIR; };
		AD1D70912B9476A80021BAA5 /* Example01App.swift */ = {isa = PBXFileReference; lastKnownFileType = sourcecode.swift; path = Example01App.swift; sourceTree = "<group>"; };
		AD1D70932B9476A80021BAA5 /* ContentView.swift */ = {isa = PBXFileReference; lastKnownFileType = sourcecode.swift; path = ContentView.swift; sourceTree = "<group>"; };
		AD1D70952B9476A90021BAA5 /* Assets.xcassets */ = {isa = PBXFileReference; lastKnownFileType = folder.assetcatalog; path = Assets.xcassets; sourceTree = "<group>"; };
		AD1D70982B9476A90021BAA5 /* Preview Assets.xcassets */ = {isa = PBXFileReference; lastKnownFileType = folder.assetcatalog; path = "Preview Assets.xcassets"; sourceTree = "<group>"; };
		AD1D709E2B9476AA0021BAA5 /* Example01 Watch AppTests.xctest */ = {isa = PBXFileReference; explicitFileType = wrapper.cfbundle; includeInIndex = 0; path = "Example01 Watch AppTests.xctest"; sourceTree = BUILT_PRODUCTS_DIR; };
		AD1D70A22B9476AA0021BAA5 /* Example01_Watch_AppTests.swift */ = {isa = PBXFileReference; lastKnownFileType = sourcecode.swift; path = Example01_Watch_AppTests.swift; sourceTree = "<group>"; };
		AD1D70A82B9476AA0021BAA5 /* Example01 Watch AppUITests.xctest */ = {isa = PBXFileReference; explicitFileType = wrapper.cfbundle; includeInIndex = 0; path = "Example01 Watch AppUITests.xctest"; sourceTree = BUILT_PRODUCTS_DIR; };
		AD1D70AC2B9476AA0021BAA5 /* Example01_Watch_AppUITests.swift */ = {isa = PBXFileReference; lastKnownFileType = sourcecode.swift; path = Example01_Watch_AppUITests.swift; sourceTree = "<group>"; };
		AD1D70AE2B9476AA0021BAA5 /* Example01_Watch_AppUITestsLaunchTests.swift */ = {isa = PBXFileReference; lastKnownFileType = sourcecode.swift; path = Example01_Watch_AppUITestsLaunchTests.swift; sourceTree = "<group>"; };
/* End PBXFileReference section */

/* Begin PBXFrameworksBuildPhase section */
		AD1D70892B9476A80021BAA5 /* Frameworks */ = {
			isa = PBXFrameworksBuildPhase;
			buildActionMask = 2147483647;
			files = (
			);
			runOnlyForDeploymentPostprocessing = 0;
		};
		AD1D709B2B9476AA0021BAA5 /* Frameworks */ = {
			isa = PBXFrameworksBuildPhase;
			buildActionMask = 2147483647;
			files = (
			);
			runOnlyForDeploymentPostprocessing = 0;
		};
		AD1D70A52B9476AA0021BAA5 /* Frameworks */ = {
			isa = PBXFrameworksBuildPhase;
			buildActionMask = 2147483647;
			files = (
			);
			runOnlyForDeploymentPostprocessing = 0;
		};
/* End PBXFrameworksBuildPhase section */

/* Begin PBXGroup section */
		AD1D707F2B9476A70021BAA5 = {
			isa = PBXGroup;
			children = (
				AD1D70902B9476A80021BAA5 /* Example01 Watch App */,
				AD1D70A12B9476AA0021BAA5 /* Example01 Watch AppTests */,
				AD1D70AB2B9476AA0021BAA5 /* Example01 Watch AppUITests */,
				AD1D70872B9476A80021BAA5 /* Products */,
			);
			sourceTree = "<group>";
		};
		AD1D70872B9476A80021BAA5 /* Products */ = {
			isa = PBXGroup;
			children = (
				AD1D70862B9476A80021BAA5 /* Example01.app */,
				AD1D708C2B9476A80021BAA5 /* Example01 Watch App.app */,
				AD1D709E2B9476AA0021BAA5 /* Example01 Watch AppTests.xctest */,
				AD1D70A82B9476AA0021BAA5 /* Example01 Watch AppUITests.xctest */,
			);
			name = Products;
			sourceTree = "<group>";
		};
		AD1D70902B9476A80021BAA5 /* Example01 Watch App */ = {
			isa = PBXGroup;
			children = (
				AD1D70912B9476A80021BAA5 /* Example01App.swift */,
				AD1D70932B9476A80021BAA5 /* ContentView.swift */,
				AD1D70952B9476A90021BAA5 /* Assets.xcassets */,
				AD1D70972B9476A90021BAA5 /* Preview Content */,
			);
			path = "Example01 Watch App";
			sourceTree = "<group>";
		};
		AD1D70972B9476A90021BAA5 /* Preview Content */ = {
			isa = PBXGroup;
			children = (
				AD1D70982B9476A90021BAA5 /* Preview Assets.xcassets */,
			);
			path = "Preview Content";
			sourceTree = "<group>";
		};
		AD1D70A12B9476AA0021BAA5 /* Example01 Watch AppTests */ = {
			isa = PBXGroup;
			children = (
				AD1D70A22B9476AA0021BAA5 /* Example01_Watch_AppTests.swift */,
			);
			path = "Example01 Watch AppTests";
			sourceTree = "<group>";
		};
		AD1D70AB2B9476AA0021BAA5 /* Example01 Watch AppUITests */ = {
			isa = PBXGroup;
			children = (
				AD1D70AC2B9476AA0021BAA5 /* Example01_Watch_AppUITests.swift */,
				AD1D70AE2B9476AA0021BAA5 /* Example01_Watch_AppUITestsLaunchTests.swift */,
			);
			path = "Example01 Watch AppUITests";
			sourceTree = "<group>";
		};
/* End PBXGroup section */

/* Begin PBXNativeTarget section */
		AD1D70852B9476A80021BAA5 /* Example01 */ = {
			isa = PBXNativeTarget;
			buildConfigurationList = AD1D70B62B9476AA0021BAA5 /* Build configuration list for PBXNativeTarget "Example01" */;
			buildPhases = (
				AD1D70842B9476A80021BAA5 /* Resources */,
				AD1D70B52B9476AA0021BAA5 /* Embed Watch Content */,
			);
			buildRules = (
			);
			dependencies = (
				AD1D708F2B9476A80021BAA5 /* PBXTargetDependency */,
			);
			name = Example01;
			productName = Example01;
			productReference = AD1D70862B9476A80021BAA5 /* Example01.app */;
			productType = "com.apple.product-type.application.watchapp2-container";
		};
		AD1D708B2B9476A80021BAA5 /* Example01 Watch App */ = {
			isa = PBXNativeTarget;
			buildConfigurationList = AD1D70B22B9476AA0021BAA5 /* Build configuration list for PBXNativeTarget "Example01 Watch App" */;
			buildPhases = (
				AD1D70882B9476A80021BAA5 /* Sources */,
				AD1D70892B9476A80021BAA5 /* Frameworks */,
				AD1D708A2B9476A80021BAA5 /* Resources */,
			);
			buildRules = (
			);
			dependencies = (
			);
			name = "Example01 Watch App";
			productName = "Example01 Watch App";
			productReference = AD1D708C2B9476A80021BAA5 /* Example01 Watch App.app */;
			productType = "com.apple.product-type.application";
		};
		AD1D709D2B9476AA0021BAA5 /* Example01 Watch AppTests */ = {
			isa = PBXNativeTarget;
			buildConfigurationList = AD1D70B92B9476AA0021BAA5 /* Build configuration list for PBXNativeTarget "Example01 Watch AppTests" */;
			buildPhases = (
				AD1D709A2B9476AA0021BAA5 /* Sources */,
				AD1D709B2B9476AA0021BAA5 /* Frameworks */,
				AD1D709C2B9476AA0021BAA5 /* Resources */,
			);
			buildRules = (
			);
			dependencies = (
				AD1D70A02B9476AA0021BAA5 /* PBXTargetDependency */,
			);
			name = "Example01 Watch AppTests";
			productName = "Example01 Watch AppTests";
			productReference = AD1D709E2B9476AA0021BAA5 /* Example01 Watch AppTests.xctest */;
			productType = "com.apple.product-type.bundle.unit-test";
		};
		AD1D70A72B9476AA0021BAA5 /* Example01 Watch AppUITests */ = {
			isa = PBXNativeTarget;
			buildConfigurationList = AD1D70BC2B9476AA0021BAA5 /* Build configuration list for PBXNativeTarget "Example01 Watch AppUITests" */;
			buildPhases = (
				AD1D70A42B9476AA0021BAA5 /* Sources */,
				AD1D70A52B9476AA0021BAA5 /* Frameworks */,
				AD1D70A62B9476AA0021BAA5 /* Resources */,
			);
			buildRules = (
			);
			dependencies = (
				AD1D70AA2B9476AA0021BAA5 /* PBXTargetDependency */,
			);
			name = "Example01 Watch AppUITests";
			productName = "Example01 Watch AppUITests";
			productReference = AD1D70A82B9476AA0021BAA5 /* Example01 Watch AppUITests.xctest */;
			productType = "com.apple.product-type.bundle.ui-testing";
		};
/* End PBXNativeTarget section */

/* Begin PBXProject section */
		AD1D70802B9476A70021BAA5 /* Project object */ = {
			isa = PBXProject;
			attributes = {
				BuildIndependentTargetsInParallel = 1;
				LastSwiftUpdateCheck = 1520;
				LastUpgradeCheck = 1520;
				TargetAttributes = {
					AD1D70852B9476A80021BAA5 = {
						CreatedOnToolsVersion = 15.2;
					};
					AD1D708B2B9476A80021BAA5 = {
						CreatedOnToolsVersion = 15.2;
					};
					AD1D709D2B9476AA0021BAA5 = {
						CreatedOnToolsVersion = 15.2;
						TestTargetID = AD1D708B2B9476A80021BAA5;
					};
					AD1D70A72B9476AA0021BAA5 = {
						CreatedOnToolsVersion = 15.2;
						TestTargetID = AD1D708B2B9476A80021BAA5;
					};
				};
			};
			buildConfigurationList = AD1D70832B9476A70021BAA5 /* Build configuration list for PBXProject "Example01" */;
			compatibilityVersion = "Xcode 14.0";
			developmentRegion = en;
			hasScannedForEncodings = 0;
			knownRegions = (
				en,
				Base,
			);
			mainGroup = AD1D707F2B9476A70021BAA5;
			productRefGroup = AD1D70872B9476A80021BAA5 /* Products */;
			projectDirPath = "";
			projectRoot = "";
			targets = (
				AD1D70852B9476A80021BAA5 /* Example01 */,
				AD1D708B2B9476A80021BAA5 /* Example01 Watch App */,
				AD1D709D2B9476AA0021BAA5 /* Example01 Watch AppTests */,
				AD1D70A72B9476AA0021BAA5 /* Example01 Watch AppUITests */,
			);
		};
/* End PBXProject section */

/* Begin PBXResourcesBuildPhase section */
		AD1D70842B9476A80021BAA5 /* Resources */ = {
			isa = PBXResourcesBuildPhase;
			buildActionMask = 2147483647;
			files = (
			);
			runOnlyForDeploymentPostprocessing = 0;
		};
		AD1D708A2B9476A80021BAA5 /* Resources */ = {
			isa = PBXResourcesBuildPhase;
			buildActionMask = 2147483647;
			files = (
				AD1D70992B9476A90021BAA5 /* Preview Assets.xcassets in Resources */,
				AD1D70962B9476A90021BAA5 /* Assets.xcassets in Resources */,
			);
			runOnlyForDeploymentPostprocessing = 0;
		};
		AD1D709C2B9476AA0021BAA5 /* Resources */ = {
			isa = PBXResourcesBuildPhase;
			buildActionMask = 2147483647;
			files = (
			);
			runOnlyForDeploymentPostprocessing = 0;
		};
		AD1D70A62B9476AA0021BAA5 /* Resources */ = {
			isa = PBXResourcesBuildPhase;
			buildActionMask = 2147483647;
			files = (
			);
			runOnlyForDeploymentPostprocessing = 0;
		};
/* End PBXResourcesBuildPhase section */

/* Begin PBXSourcesBuildPhase section */
		AD1D70882B9476A80021BAA5 /* Sources */ = {
			isa = PBXSourcesBuildPhase;
			buildActionMask = 2147483647;
			files = (
				AD1D70942B9476A80021BAA5 /* ContentView.swift in Sources */,
				AD1D70922B9476A80021BAA5 /* Example01App.swift in Sources */,
			);
			runOnlyForDeploymentPostprocessing = 0;
		};
		AD1D709A2B9476AA0021BAA5 /* Sources */ = {
			isa = PBXSourcesBuildPhase;
			buildActionMask = 2147483647;
			files = (
				AD1D70A32B9476AA0021BAA5 /* Example01_Watch_AppTests.swift in Sources */,
			);
			runOnlyForDeploymentPostprocessing = 0;
		};
		AD1D70A42B9476AA0021BAA5 /* Sources */ = {
			isa = PBXSourcesBuildPhase;
			buildActionMask = 2147483647;
			files = (
				AD1D70AF2B9476AA0021BAA5 /* Example01_Watch_AppUITestsLaunchTests.swift in Sources */,
				AD1D70AD2B9476AA0021BAA5 /* Example01_Watch_AppUITests.swift in Sources */,
			);
			runOnlyForDeploymentPostprocessing = 0;
		};
/* End PBXSourcesBuildPhase section */

/* Begin PBXTargetDependency section */
		AD1D708F2B9476A80021BAA5 /* PBXTargetDependency */ = {
			isa = PBXTargetDependency;
			target = AD1D708B2B9476A80021BAA5 /* Example01 Watch App */;
			targetProxy = AD1D708E2B9476A80021BAA5 /* PBXContainerItemProxy */;
		};
		AD1D70A02B9476AA0021BAA5 /* PBXTargetDependency */ = {
			isa = PBXTargetDependency;
			target = AD1D708B2B9476A80021BAA5 /* Example01 Watch App */;
			targetProxy = AD1D709F2B9476AA0021BAA5 /* PBXContainerItemProxy */;
		};
		AD1D70AA2B9476AA0021BAA5 /* PBXTargetDependency */ = {
			isa = PBXTargetDependency;
			target = AD1D708B2B9476A80021BAA5 /* Example01 Watch App */;
			targetProxy = AD1D70A92B9476AA0021BAA5 /* PBXContainerItemProxy */;
		};
/* End PBXTargetDependency section */

/* Begin XCBuildConfiguration section */
		AD1D70B02B9476AA0021BAA5 /* Debug */ = {
			isa = XCBuildConfiguration;
			buildSettings = {
				ALWAYS_SEARCH_USER_PATHS = NO;
				ASSETCATALOG_COMPILER_GENERATE_SWIFT_ASSET_SYMBOL_EXTENSIONS = YES;
				CLANG_ANALYZER_NONNULL = YES;
				CLANG_ANALYZER_NUMBER_OBJECT_CONVERSION = YES_AGGRESSIVE;
				CLANG_CXX_LANGUAGE_STANDARD = "gnu++20";
				CLANG_ENABLE_MODULES = YES;
				CLANG_ENABLE_OBJC_ARC = YES;
				CLANG_ENABLE_OBJC_WEAK = YES;
				CLANG_WARN_BLOCK_CAPTURE_AUTORELEASING = YES;
				CLANG_WARN_BOOL_CONVERSION = YES;
				CLANG_WARN_COMMA = YES;
				CLANG_WARN_CONSTANT_CONVERSION = YES;
				CLANG_WARN_DEPRECATED_OBJC_IMPLEMENTATIONS = YES;
				CLANG_WARN_DIRECT_OBJC_ISA_USAGE = YES_ERROR;
				CLANG_WARN_DOCUMENTATION_COMMENTS = YES;
				CLANG_WARN_EMPTY_BODY = YES;
				CLANG_WARN_ENUM_CONVERSION = YES;
				CLANG_WARN_INFINITE_RECURSION = YES;
				CLANG_WARN_INT_CONVERSION = YES;
				CLANG_WARN_NON_LITERAL_NULL_CONVERSION = YES;
				CLANG_WARN_OBJC_IMPLICIT_RETAIN_SELF = YES;
				CLANG_WARN_OBJC_LITERAL_CONVERSION = YES;
				CLANG_WARN_OBJC_ROOT_CLASS = YES_ERROR;
				CLANG_WARN_QUOTED_INCLUDE_IN_FRAMEWORK_HEADER = YES;
				CLANG_WARN_RANGE_LOOP_ANALYSIS = YES;
				CLANG_WARN_STRICT_PROTOTYPES = YES;
				CLANG_WARN_SUSPICIOUS_MOVE = YES;
				CLANG_WARN_UNGUARDED_AVAILABILITY = YES_AGGRESSIVE;
				CLANG_WARN_UNREACHABLE_CODE = YES;
				CLANG_WARN__DUPLICATE_METHOD_MATCH = YES;
				COPY_PHASE_STRIP = NO;
				DEBUG_INFORMATION_FORMAT = dwarf;
				ENABLE_STRICT_OBJC_MSGSEND = YES;
				ENABLE_TESTABILITY = YES;
				ENABLE_USER_SCRIPT_SANDBOXING = YES;
				GCC_C_LANGUAGE_STANDARD = gnu17;
				GCC_DYNAMIC_NO_PIC = NO;
				GCC_NO_COMMON_BLOCKS = YES;
				GCC_OPTIMIZATION_LEVEL = 0;
				GCC_PREPROCESSOR_DEFINITIONS = (
					"DEBUG=1",
					"$(inherited)",
				);
				GCC_WARN_64_TO_32_BIT_CONVERSION = YES;
				GCC_WARN_ABOUT_RETURN_TYPE = YES_ERROR;
				GCC_WARN_UNDECLARED_SELECTOR = YES;
				GCC_WARN_UNINITIALIZED_AUTOS = YES_AGGRESSIVE;
				GCC_WARN_UNUSED_FUNCTION = YES;
				GCC_WARN_UNUSED_VARIABLE = YES;
				LOCALIZATION_PREFERS_STRING_CATALOGS = YES;
				MTL_ENABLE_DEBUG_INFO = INCLUDE_SOURCE;
				MTL_FAST_MATH = YES;
				ONLY_ACTIVE_ARCH = YES;
				SWIFT_ACTIVE_COMPILATION_CONDITIONS = "DEBUG $(inherited)";
				SWIFT_OPTIMIZATION_LEVEL = "-Onone";
			};
			name = Debug;
		};
		AD1D70B12B9476AA0021BAA5 /* Release */ = {
			isa = XCBuildConfiguration;
			buildSettings = {
				ALWAYS_SEARCH_USER_PATHS = NO;
				ASSETCATALOG_COMPILER_GENERATE_SWIFT_ASSET_SYMBOL_EXTENSIONS = YES;
				CLANG_ANALYZER_NONNULL = YES;
				CLANG_ANALYZER_NUMBER_OBJECT_CONVERSION = YES_AGGRESSIVE;
				CLANG_CXX_LANGUAGE_STANDARD = "gnu++20";
				CLANG_ENABLE_MODULES = YES;
				CLANG_ENABLE_OBJC_ARC = YES;
				CLANG_ENABLE_OBJC_WEAK = YES;
				CLANG_WARN_BLOCK_CAPTURE_AUTORELEASING = YES;
				CLANG_WARN_BOOL_CONVERSION = YES;
				CLANG_WARN_COMMA = YES;
				CLANG_WARN_CONSTANT_CONVERSION = YES;
				CLANG_WARN_DEPRECATED_OBJC_IMPLEMENTATIONS = YES;
				CLANG_WARN_DIRECT_OBJC_ISA_USAGE = YES_ERROR;
				CLANG_WARN_DOCUMENTATION_COMMENTS = YES;
				CLANG_WARN_EMPTY_BODY = YES;
				CLANG_WARN_ENUM_CONVERSION = YES;
				CLANG_WARN_INFINITE_RECURSION = YES;
				CLANG_WARN_INT_CONVERSION = YES;
				CLANG_WARN_NON_LITERAL_NULL_CONVERSION = YES;
				CLANG_WARN_OBJC_IMPLICIT_RETAIN_SELF = YES;
				CLANG_WARN_OBJC_LITERAL_CONVERSION = YES;
				CLANG_WARN_OBJC_ROOT_CLASS = YES_ERROR;
				CLANG_WARN_QUOTED_INCLUDE_IN_FRAMEWORK_HEADER = YES;
				CLANG_WARN_RANGE_LOOP_ANALYSIS = YES;
				CLANG_WARN_STRICT_PROTOTYPES = YES;
				CLANG_WARN_SUSPICIOUS_MOVE = YES;
				CLANG_WARN_UNGUARDED_AVAILABILITY = YES_AGGRESSIVE;
				CLANG_WARN_UNREACHABLE_CODE = YES;
				CLANG_WARN__DUPLICATE_METHOD_MATCH = YES;
				COPY_PHASE_STRIP = NO;
				DEBUG_INFORMATION_FORMAT = "dwarf-with-dsym";
				ENABLE_NS_ASSERTIONS = NO;
				ENABLE_STRICT_OBJC_MSGSEND = YES;
				ENABLE_USER_SCRIPT_SANDBOXING = YES;
				GCC_C_LANGUAGE_STANDARD = gnu17;
				GCC_NO_COMMON_BLOCKS = YES;
				GCC_WARN_64_TO_32_BIT_CONVERSION = YES;
				GCC_WARN_ABOUT_RETURN_TYPE = YES_ERROR;
				GCC_WARN_UNDECLARED_SELECTOR = YES;
				GCC_WARN_UNINITIALIZED_AUTOS = YES_AGGRESSIVE;
				GCC_WARN_UNUSED_FUNCTION = YES;
				GCC_WARN_UNUSED_VARIABLE = YES;
				LOCALIZATION_PREFERS_STRING_CATALOGS = YES;
				MTL_ENABLE_DEBUG_INFO = NO;
				MTL_FAST_MATH = YES;
				SWIFT_COMPILATION_MODE = wholemodule;
			};
			name = Release;
		};
		AD1D70B32B9476AA0021BAA5 /* Debug */ = {
			isa = XCBuildConfiguration;
			buildSettings = {
				ASSETCATALOG_COMPILER_APPICON_NAME = AppIcon;
				ASSETCATALOG_COMPILER_GLOBAL_ACCENT_COLOR_NAME = AccentColor;
				CODE_SIGN_STYLE = Automatic;
				CURRENT_PROJECT_VERSION = 1;
				DEVELOPMENT_ASSET_PATHS = "\"Example01 Watch App/Preview Content\"";
				DEVELOPMENT_TEAM = BW74LA3CJP;
				ENABLE_PREVIEWS = YES;
				GENERATE_INFOPLIST_FILE = YES;
				INFOPLIST_KEY_CFBundleDisplayName = Example01;
				INFOPLIST_KEY_UISupportedInterfaceOrientations = "UIInterfaceOrientationPortrait UIInterfaceOrientationPortraitUpsideDown";
				INFOPLIST_KEY_WKWatchOnly = YES;
				LD_RUNPATH_SEARCH_PATHS = (
					"$(inherited)",
					"@executable_path/Frameworks",
				);
				MARKETING_VERSION = 1.0;
				PRODUCT_BUNDLE_IDENTIFIER = com.ebata.Example01.watchkitapp;
				PRODUCT_NAME = "$(TARGET_NAME)";
				SDKROOT = watchos;
				SKIP_INSTALL = YES;
				SWIFT_EMIT_LOC_STRINGS = YES;
				SWIFT_VERSION = 5.0;
				TARGETED_DEVICE_FAMILY = 4;
				WATCHOS_DEPLOYMENT_TARGET = 10.2;
			};
			name = Debug;
		};
		AD1D70B42B9476AA0021BAA5 /* Release */ = {
			isa = XCBuildConfiguration;
			buildSettings = {
				ASSETCATALOG_COMPILER_APPICON_NAME = AppIcon;
				ASSETCATALOG_COMPILER_GLOBAL_ACCENT_COLOR_NAME = AccentColor;
				CODE_SIGN_STYLE = Automatic;
				CURRENT_PROJECT_VERSION = 1;
				DEVELOPMENT_ASSET_PATHS = "\"Example01 Watch App/Preview Content\"";
				DEVELOPMENT_TEAM = BW74LA3CJP;
				ENABLE_PREVIEWS = YES;
				GENERATE_INFOPLIST_FILE = YES;
				INFOPLIST_KEY_CFBundleDisplayName = Example01;
				INFOPLIST_KEY_UISupportedInterfaceOrientations = "UIInterfaceOrientationPortrait UIInterfaceOrientationPortraitUpsideDown";
				INFOPLIST_KEY_WKWatchOnly = YES;
				LD_RUNPATH_SEARCH_PATHS = (
					"$(inherited)",
					"@executable_path/Frameworks",
				);
				MARKETING_VERSION = 1.0;
				PRODUCT_BUNDLE_IDENTIFIER = com.ebata.Example01.watchkitapp;
				PRODUCT_NAME = "$(TARGET_NAME)";
				SDKROOT = watchos;
				SKIP_INSTALL = YES;
				SWIFT_EMIT_LOC_STRINGS = YES;
				SWIFT_VERSION = 5.0;
				TARGETED_DEVICE_FAMILY = 4;
				VALIDATE_PRODUCT = YES;
				WATCHOS_DEPLOYMENT_TARGET = 10.2;
			};
			name = Release;
		};
		AD1D70B72B9476AA0021BAA5 /* Debug */ = {
			isa = XCBuildConfiguration;
			buildSettings = {
				ALWAYS_EMBED_SWIFT_STANDARD_LIBRARIES = YES;
				CODE_SIGN_STYLE = Automatic;
				CURRENT_PROJECT_VERSION = 1;
				DEVELOPMENT_TEAM = BW74LA3CJP;
				INFOPLIST_KEY_CFBundleDisplayName = Example01;
				MARKETING_VERSION = 1.0;
				PRODUCT_BUNDLE_IDENTIFIER = com.ebata.Example01;
				PRODUCT_NAME = "$(TARGET_NAME)";
				SDKROOT = iphoneos;
				SWIFT_VERSION = 5.0;
			};
			name = Debug;
		};
		AD1D70B82B9476AA0021BAA5 /* Release */ = {
			isa = XCBuildConfiguration;
			buildSettings = {
				ALWAYS_EMBED_SWIFT_STANDARD_LIBRARIES = YES;
				CODE_SIGN_STYLE = Automatic;
				CURRENT_PROJECT_VERSION = 1;
				DEVELOPMENT_TEAM = BW74LA3CJP;
				INFOPLIST_KEY_CFBundleDisplayName = Example01;
				MARKETING_VERSION = 1.0;
				PRODUCT_BUNDLE_IDENTIFIER = com.ebata.Example01;
				PRODUCT_NAME = "$(TARGET_NAME)";
				SDKROOT = iphoneos;
				SWIFT_VERSION = 5.0;
				VALIDATE_PRODUCT = YES;
			};
			name = Release;
		};
		AD1D70BA2B9476AA0021BAA5 /* Debug */ = {
			isa = XCBuildConfiguration;
			buildSettings = {
				ALWAYS_EMBED_SWIFT_STANDARD_LIBRARIES = YES;
				BUNDLE_LOADER = "$(TEST_HOST)";
				CODE_SIGN_STYLE = Automatic;
				CURRENT_PROJECT_VERSION = 1;
				DEVELOPMENT_TEAM = BW74LA3CJP;
				GENERATE_INFOPLIST_FILE = YES;
				MARKETING_VERSION = 1.0;
				PRODUCT_BUNDLE_IDENTIFIER = "com.ebata.Example01-Watch-AppTests";
				PRODUCT_NAME = "$(TARGET_NAME)";
				SDKROOT = watchos;
				SWIFT_EMIT_LOC_STRINGS = NO;
				SWIFT_VERSION = 5.0;
				TARGETED_DEVICE_FAMILY = 4;
				TEST_HOST = "$(BUILT_PRODUCTS_DIR)/Example01 Watch App.app/$(BUNDLE_EXECUTABLE_FOLDER_PATH)/Example01 Watch App";
				WATCHOS_DEPLOYMENT_TARGET = 10.2;
			};
			name = Debug;
		};
		AD1D70BB2B9476AA0021BAA5 /* Release */ = {
			isa = XCBuildConfiguration;
			buildSettings = {
				ALWAYS_EMBED_SWIFT_STANDARD_LIBRARIES = YES;
				BUNDLE_LOADER = "$(TEST_HOST)";
				CODE_SIGN_STYLE = Automatic;
				CURRENT_PROJECT_VERSION = 1;
				DEVELOPMENT_TEAM = BW74LA3CJP;
				GENERATE_INFOPLIST_FILE = YES;
				MARKETING_VERSION = 1.0;
				PRODUCT_BUNDLE_IDENTIFIER = "com.ebata.Example01-Watch-AppTests";
				PRODUCT_NAME = "$(TARGET_NAME)";
				SDKROOT = watchos;
				SWIFT_EMIT_LOC_STRINGS = NO;
				SWIFT_VERSION = 5.0;
				TARGETED_DEVICE_FAMILY = 4;
				TEST_HOST = "$(BUILT_PRODUCTS_DIR)/Example01 Watch App.app/$(BUNDLE_EXECUTABLE_FOLDER_PATH)/Example01 Watch App";
				VALIDATE_PRODUCT = YES;
				WATCHOS_DEPLOYMENT_TARGET = 10.2;
			};
			name = Release;
		};
		AD1D70BD2B9476AA0021BAA5 /* Debug */ = {
			isa = XCBuildConfiguration;
			buildSettings = {
				ALWAYS_EMBED_SWIFT_STANDARD_LIBRARIES = YES;
				CODE_SIGN_STYLE = Automatic;
				CURRENT_PROJECT_VERSION = 1;
				DEVELOPMENT_TEAM = BW74LA3CJP;
				GENERATE_INFOPLIST_FILE = YES;
				MARKETING_VERSION = 1.0;
				PRODUCT_BUNDLE_IDENTIFIER = "com.ebata.Example01-Watch-AppUITests";
				PRODUCT_NAME = "$(TARGET_NAME)";
				SDKROOT = watchos;
				SWIFT_EMIT_LOC_STRINGS = NO;
				SWIFT_VERSION = 5.0;
				TARGETED_DEVICE_FAMILY = 4;
				TEST_TARGET_NAME = "Example01 Watch App";
				WATCHOS_DEPLOYMENT_TARGET = 10.2;
			};
			name = Debug;
		};
		AD1D70BE2B9476AA0021BAA5 /* Release */ = {
			isa = XCBuildConfiguration;
			buildSettings = {
				ALWAYS_EMBED_SWIFT_STANDARD_LIBRARIES = YES;
				CODE_SIGN_STYLE = Automatic;
				CURRENT_PROJECT_VERSION = 1;
				DEVELOPMENT_TEAM = BW74LA3CJP;
				GENERATE_INFOPLIST_FILE = YES;
				MARKETING_VERSION = 1.0;
				PRODUCT_BUNDLE_IDENTIFIER = "com.ebata.Example01-Watch-AppUITests";
				PRODUCT_NAME = "$(TARGET_NAME)";
				SDKROOT = watchos;
				SWIFT_EMIT_LOC_STRINGS = NO;
				SWIFT_VERSION = 5.0;
				TARGETED_DEVICE_FAMILY = 4;
				TEST_TARGET_NAME = "Example01 Watch App";
				VALIDATE_PRODUCT = YES;
				WATCHOS_DEPLOYMENT_TARGET = 10.2;
			};
			name = Release;
		};
/* End XCBuildConfiguration section */

/* Begin XCConfigurationList section */
		AD1D70832B9476A70021BAA5 /* Build configuration list for PBXProject "Example01" */ = {
			isa = XCConfigurationList;
			buildConfigurations = (
				AD1D70B02B9476AA0021BAA5 /* Debug */,
				AD1D70B12B9476AA0021BAA5 /* Release */,
			);
			defaultConfigurationIsVisible = 0;
			defaultConfigurationName = Release;
		};
		AD1D70B22B9476AA0021BAA5 /* Build configuration list for PBXNativeTarget "Example01 Watch App" */ = {
			isa = XCConfigurationList;
			buildConfigurations = (
				AD1D70B32B9476AA0021BAA5 /* Debug */,
				AD1D70B42B9476AA0021BAA5 /* Release */,
			);
			defaultConfigurationIsVisible = 0;
			defaultConfigurationName = Release;
		};
		AD1D70B62B9476AA0021BAA5 /* Build configuration list for PBXNativeTarget "Example01" */ = {
			isa = XCConfigurationList;
			buildConfigurations = (
				AD1D70B72B9476AA0021BAA5 /* Debug */,
				AD1D70B82B9476AA0021BAA5 /* Release */,
			);
			defaultConfigurationIsVisible = 0;
			defaultConfigurationName = Release;
		};
		AD1D70B92B9476AA0021BAA5 /* Build configuration list for PBXNativeTarget "Example01 Watch AppTests" */ = {
			isa = XCConfigurationList;
			buildConfigurations = (
				AD1D70BA2B9476AA0021BAA5 /* Debug */,
				AD1D70BB2B9476AA0021BAA5 /* Release */,
			);
			defaultConfigurationIsVisible = 0;
			defaultConfigurationName = Release;
		};
		AD1D70BC2B9476AA0021BAA5 /* Build configuration list for PBXNativeTarget "Example01 Watch AppUITests" */ = {
			isa = XCConfigurationList;
			buildConfigurations = (
				AD1D70BD2B9476AA0021BAA5 /* Debug */,
				AD1D70BE2B9476AA0021BAA5 /* Release */,
			);
			defaultConfigurationIsVisible = 0;
			defaultConfigurationName = Release;
		};
/* End XCConfigurationList section */
	};
	rootObject = AD1D70802B9476A70021BAA5 /* Project object */;
}
